PODS:
  - CoreDataServices (1.1.5)
  - FetchedResultsController (1.0.0)
  - PureLayout (3.0.1)

DEPENDENCIES:
  - CoreDataServices
  - FetchedResultsController
  - PureLayout

SPEC CHECKSUMS:
  CoreDataServices: 9f4a86f6f116165a217206f1db624f1742b8702b
  FetchedResultsController: 950fcdb1ad05616b38a9a28cefe99af9242441ff
  PureLayout: f35f5384c9c4e4479df041dbe33ad7577b71ddfb

PODFILE CHECKSUM: 9360e90c935c595e62d3fa7ccd181ec05183a424

COCOAPODS: 1.0.1
